
Microsoft Visual Studio Solution File, Format Version 12.00
# Visual Studio Version 17
VisualStudioVersion = 17.3.32901.215
MinimumVisualStudioVersion = 10.0.40219.1
Project("{FAE04EC0-301F-11D3-BF4B-00C04F79EFBC}") = "GitTest", "GitTest\GitTest.csproj", "{98C8CC21-0CD7-4A49-A9BE-4FAA3DE6FA05}"
EndProject
Global
	GlobalSection(SolutionConfigurationPlatforms) = preSolution
		Debug|Any CPU = Debug|Any CPU
		Release|Any CPU = Release|Any CPU
	EndGlobalSection
	GlobalSection(ProjectConfigurationPlatforms) = postSolution
		{98C8CC21-0CD7-4A49-A9BE-4FAA3DE6FA05}.Debug|Any CPU.ActiveCfg = Debug|Any CPU
		{98C8CC21-0CD7-4A49-A9BE-4FAA3DE6FA05}.Debug|Any CPU.Build.0 = Debug|Any CPU
		{98C8CC21-0CD7-4A49-A9BE-4FAA3DE6FA05}.Release|Any CPU.ActiveCfg = Release|Any CPU
		{98C8CC21-0CD7-4A49-A9BE-4FAA3DE6FA05}.Release|Any CPU.Build.0 = Release|Any CPU
	EndGlobalSection
	GlobalSection(SolutionProperties) = preSolution
		HideSolutionNode = FALSE
	EndGlobalSection
	GlobalSection(ExtensibilityGlobals) = postSolution
		SolutionGuid = {5F8827D3-4B38-42F2-88AD-16585385D26A}
	EndGlobalSection
EndGlobal
